{
  "nodes": {
    "pkgs": {
      "locked": {
        "lastModified": 1751180975,
        "narHash": "sha256-BKk4yDiXr4LdF80OTVqYJ53Q74rOcA/82EClXug8xsY=",
        "owner": "NixOS",
        "repo": "nixpkgs",
        "rev": "a48741b083d4f36dd79abd9f760c84da6b4dc0e5",
        "type": "github"
      },
      "original": {
        "id": "nixpkgs",
        "type": "indirect"
      }
    },
    "pkgsunstable": {
      "locked": {
        "lastModified": 1751011381,
        "narHash": "sha256-krGXKxvkBhnrSC/kGBmg5MyupUUT5R6IBCLEzx9jhMM=",
        "owner": "NixOS",
        "repo": "nixpkgs",
        "rev": "30e2e2857ba47844aa71991daa6ed1fc678bcbb7",
        "type": "github"
      },
      "original": {
        "owner": "NixOS",
        "ref": "nixos-unstable",
        "repo": "nixpkgs",
        "type": "github"
      }
    },
    "root": {
      "inputs": {
        "pkgs": "pkgs",
        "pkgsunstable": "pkgsunstable",
        "yamlcpp07pkgs": "yamlcpp07pkgs"
      }
    },
    "yamlcpp07pkgs": {
      "locked": {
        "lastModified": 1675178574,
        "narHash": "sha256-NjpHBlqAmKijt9dZh+wRovklw+JPIOzFXu/kW0Eu6bc=",
        "owner": "NixOS",
        "repo": "nixpkgs",
        "rev": "c9b4c7dccdbf196fbe1113ef27da7da17f84b994",
        "type": "github"
      },
      "original": {
        "owner": "NixOS",
        "repo": "nixpkgs",
        "rev": "c9b4c7dccdbf196fbe1113ef27da7da17f84b994",
        "type": "github"
      }
    }
  },
  "root": "root",
  "version": 7
}
