{
  "nodes": {
    "pkgs": {
      "locked": {
        "lastModified": 1735471104,
        "narHash": "sha256-0q9NGQySwDQc7RhAV2ukfnu7Gxa5/ybJ2ANT8DQrQrs=",
        "path": "/nix/store/8vz84mqgnm1gz5yk7hgnnb5gir5hjxas-source",
        "rev": "88195a94f390381c6afcdaa933c2f6ff93959cb4",
        "type": "path"
      },
      "original": {
        "id": "pkgs",
        "type": "indirect"
      }
    },
    "pkgsunstable": {
      "locked": {
        "lastModified": 1735834308,
        "narHash": "sha256-dklw3AXr3OGO4/XT1Tu3Xz9n/we8GctZZ75ZWVqAVhk=",
        "owner": "NixOS",
        "repo": "nixpkgs",
        "rev": "6df24922a1400241dae323af55f30e4318a6ca65",
        "type": "github"
      },
      "original": {
        "owner": "NixOS",
        "ref": "nixos-unstable",
        "repo": "nixpkgs",
        "type": "github"
      }
    },
    "root": {
      "inputs": {
        "pkgs": "pkgs",
        "pkgsunstable": "pkgsunstable",
        "yamlcpp07pkgs": "yamlcpp07pkgs"
      }
    },
    "yamlcpp07pkgs": {
      "locked": {
        "lastModified": 1675178574,
        "narHash": "sha256-NjpHBlqAmKijt9dZh+wRovklw+JPIOzFXu/kW0Eu6bc=",
        "owner": "NixOS",
        "repo": "nixpkgs",
        "rev": "c9b4c7dccdbf196fbe1113ef27da7da17f84b994",
        "type": "github"
      },
      "original": {
        "owner": "NixOS",
        "repo": "nixpkgs",
        "rev": "c9b4c7dccdbf196fbe1113ef27da7da17f84b994",
        "type": "github"
      }
    }
  },
  "root": "root",
  "version": 7
}
