{
  "nodes": {
    "mill01214pkgs": {
      "locked": {
        "lastModified": 1747977070,
        "narHash": "sha256-UlaDr2s/64vedJHPqIBNvHMlROxuHGAT1mrnBPAFXtk=",
        "owner": "NixOS",
        "repo": "nixpkgs",
        "rev": "4907750a173268bf52f55bd16f3669bf2edeac30",
        "type": "github"
      },
      "original": {
        "owner": "NixOS",
        "repo": "nixpkgs",
        "rev": "4907750a173268bf52f55bd16f3669bf2edeac30",
        "type": "github"
      }
    },
    "pkgs": {
      "locked": {
        "lastModified": 1770843696,
        "narHash": "sha256-LovWTGDwXhkfCOmbgLVA10bvsi/P8eDDpRudgk68HA8=",
        "owner": "NixOS",
        "repo": "nixpkgs",
        "rev": "2343bbb58f99267223bc2aac4fc9ea301a155a16",
        "type": "github"
      },
      "original": {
        "owner": "NixOS",
        "ref": "nixpkgs-unstable",
        "repo": "nixpkgs",
        "type": "github"
      }
    },
    "root": {
      "inputs": {
        "mill01214pkgs": "mill01214pkgs",
        "pkgs": "pkgs"
      }
    }
  },
  "root": "root",
  "version": 7
}
